
Microsoft Visual Studio Solution File, Format Version 12.00
# Visual Studio 15
VisualStudioVersion = 15.0.28307.1972
MinimumVisualStudioVersion = 10.0.40219.1
Project("{FAE04EC0-301F-11D3-BF4B-00C04F79EFBC}") = "minhaconexaobd", "minhaconexaobd.csproj", "{B53F309F-2FB0-4F67-8E5C-64123EBDD9AE}"
EndProject
Global
	GlobalSection(SolutionConfigurationPlatforms) = preSolution
		Debug|Any CPU = Debug|Any CPU
		Release|Any CPU = Release|Any CPU
	EndGlobalSection
	GlobalSection(ProjectConfigurationPlatforms) = postSolution
		{B53F309F-2FB0-4F67-8E5C-64123EBDD9AE}.Debug|Any CPU.ActiveCfg = Debug|Any CPU
		{B53F309F-2FB0-4F67-8E5C-64123EBDD9AE}.Debug|Any CPU.Build.0 = Debug|Any CPU
		{B53F309F-2FB0-4F67-8E5C-64123EBDD9AE}.Release|Any CPU.ActiveCfg = Release|Any CPU
		{B53F309F-2FB0-4F67-8E5C-64123EBDD9AE}.Release|Any CPU.Build.0 = Release|Any CPU
	EndGlobalSection
	GlobalSection(SolutionProperties) = preSolution
		HideSolutionNode = FALSE
	EndGlobalSection
	GlobalSection(ExtensibilityGlobals) = postSolution
		SolutionGuid = {C7805720-9B9E-49BA-8F76-9033092DEE2B}
	EndGlobalSection
EndGlobal
